{
  "name": "anime-movie-main",
  "lockfileVersion": 2,
  "requires": true,
  "packages": {
    "": {
      "dependencies": {
        "compass-mixins": "^0.12.11"
      }
    },
    "node_modules/compass-mixins": {
      "version": "0.12.11",
      "resolved": "https://registry.npmjs.org/compass-mixins/-/compass-mixins-0.12.11.tgz",
      "integrity": "sha512-Wyjh0EHkOhOZsZ4a2OE67yDRzzhAy2EyX5OntVLwGxpxrXGDWLZgqMm639/uGrjzUuAn6qAya+PbO/SBLxE/jA=="
    }
  },
  "dependencies": {
    "compass-mixins": {
      "version": "0.12.11",
      "resolved": "https://registry.npmjs.org/compass-mixins/-/compass-mixins-0.12.11.tgz",
      "integrity": "sha512-Wyjh0EHkOhOZsZ4a2OE67yDRzzhAy2EyX5OntVLwGxpxrXGDWLZgqMm639/uGrjzUuAn6qAya+PbO/SBLxE/jA=="
    }
  }
}
